{
  "name": "test",
  "lockfileVersion": 2,
  "requires": true,
  "packages": {
    "": {
      "dependencies": {
        "requirejs": "^2.3.6",
        "self-reload-json": "^0.4.0"
      }
    },
    "node_modules/requirejs": {
      "version": "2.3.6",
      "resolved": "https://registry.npmjs.org/requirejs/-/requirejs-2.3.6.tgz",
      "integrity": "sha512-ipEzlWQe6RK3jkzikgCupiTbTvm4S0/CAU5GlgptkN5SO6F3u0UD0K18wy6ErDqiCyP4J4YYe1HuAShvsxePLg==",
      "bin": {
        "r_js": "bin/r.js",
        "r.js": "bin/r.js"
      },
      "engines": {
        "node": ">=0.4.0"
      }
    },
    "node_modules/self-reload-json": {
      "version": "0.4.0",
      "resolved": "https://registry.npmjs.org/self-reload-json/-/self-reload-json-0.4.0.tgz",
      "integrity": "sha512-uR+JTmcB8UhgQ+7Ar8lMqUh74hPelPRxyZkMzTIknrdt9HYgOikxrnsWt8hsIBYRGdi1ntVJk3QuFk9iac35fg=="
    }
  },
  "dependencies": {
    "requirejs": {
      "version": "2.3.6",
      "resolved": "https://registry.npmjs.org/requirejs/-/requirejs-2.3.6.tgz",
      "integrity": "sha512-ipEzlWQe6RK3jkzikgCupiTbTvm4S0/CAU5GlgptkN5SO6F3u0UD0K18wy6ErDqiCyP4J4YYe1HuAShvsxePLg=="
    },
    "self-reload-json": {
      "version": "0.4.0",
      "resolved": "https://registry.npmjs.org/self-reload-json/-/self-reload-json-0.4.0.tgz",
      "integrity": "sha512-uR+JTmcB8UhgQ+7Ar8lMqUh74hPelPRxyZkMzTIknrdt9HYgOikxrnsWt8hsIBYRGdi1ntVJk3QuFk9iac35fg=="
    }
  }
}
